
Microsoft Visual Studio Solution File, Format Version 12.00
# Visual Studio Version 17
VisualStudioVersion = 17.4.33110.190
MinimumVisualStudioVersion = 10.0.40219.1
Project("{9A19103F-16F7-4668-BE54-9A1E7A4F7556}") = "Proto.App.UnitTest", "Proto.Api.Test\Proto.App.UnitTest.csproj", "{ED5C5330-1CA7-4CE8-85DF-4EA2EA8A386B}"
EndProject
Project("{2150E333-8FDC-42A3-9474-1A3956D46DE8}") = "Solution Items", "Solution Items", "{425F7A8B-55B9-4F67-91C3-9D387DB09775}"
	ProjectSection(SolutionItems) = preProject
		.gitignore = .gitignore
	EndProjectSection
EndProject
Project("{9A19103F-16F7-4668-BE54-9A1E7A4F7556}") = "Proto.App", "Proto.App\Proto.App.csproj", "{E39D092B-A1A9-4000-BD72-9EC5F905E592}"
EndProject
Project("{FAE04EC0-301F-11D3-BF4B-00C04F79EFBC}") = "Proto.Int.Test", "Proto.Int.Test\Proto.Int.Test.csproj", "{6C2CFA89-6CA3-43D7-BF7E-AED438BEBF9B}"
EndProject
Global
	GlobalSection(SolutionConfigurationPlatforms) = preSolution
		Debug|Any CPU = Debug|Any CPU
		Release|Any CPU = Release|Any CPU
	EndGlobalSection
	GlobalSection(ProjectConfigurationPlatforms) = postSolution
		{ED5C5330-1CA7-4CE8-85DF-4EA2EA8A386B}.Debug|Any CPU.ActiveCfg = Debug|Any CPU
		{ED5C5330-1CA7-4CE8-85DF-4EA2EA8A386B}.Debug|Any CPU.Build.0 = Debug|Any CPU
		{ED5C5330-1CA7-4CE8-85DF-4EA2EA8A386B}.Release|Any CPU.ActiveCfg = Release|Any CPU
		{ED5C5330-1CA7-4CE8-85DF-4EA2EA8A386B}.Release|Any CPU.Build.0 = Release|Any CPU
		{E39D092B-A1A9-4000-BD72-9EC5F905E592}.Debug|Any CPU.ActiveCfg = Debug|Any CPU
		{E39D092B-A1A9-4000-BD72-9EC5F905E592}.Debug|Any CPU.Build.0 = Debug|Any CPU
		{E39D092B-A1A9-4000-BD72-9EC5F905E592}.Release|Any CPU.ActiveCfg = Release|Any CPU
		{E39D092B-A1A9-4000-BD72-9EC5F905E592}.Release|Any CPU.Build.0 = Release|Any CPU
		{6C2CFA89-6CA3-43D7-BF7E-AED438BEBF9B}.Debug|Any CPU.ActiveCfg = Debug|Any CPU
		{6C2CFA89-6CA3-43D7-BF7E-AED438BEBF9B}.Debug|Any CPU.Build.0 = Debug|Any CPU
		{6C2CFA89-6CA3-43D7-BF7E-AED438BEBF9B}.Release|Any CPU.ActiveCfg = Release|Any CPU
		{6C2CFA89-6CA3-43D7-BF7E-AED438BEBF9B}.Release|Any CPU.Build.0 = Release|Any CPU
	EndGlobalSection
	GlobalSection(SolutionProperties) = preSolution
		HideSolutionNode = FALSE
	EndGlobalSection
	GlobalSection(ExtensibilityGlobals) = postSolution
		SolutionGuid = {3A5A3C05-FDBA-4656-82C5-83131FDEDF74}
	EndGlobalSection
EndGlobal
